Microsoft Visual Studio Solution File, Format Version 12.00
# Visual Studio Version 17
VisualStudioVersion = 17.0.31903.59
MinimumVisualStudioVersion = 10.0.40219.1
Project("{9A19103F-16F7-4668-BE54-9A1E7A4F7556}") = "LongYinTalentTweaks", "src\LongYinTalentTweaks\LongYinTalentTweaks.csproj", "{F8574C90-FF0B-4CB3-A55B-36DF2B5EC741}"
EndProject
Global
	GlobalSection(SolutionConfigurationPlatforms) = preSolution
		Debug|Any CPU = Debug|Any CPU
		Release|Any CPU = Release|Any CPU
	EndGlobalSection
	GlobalSection(ProjectConfigurationPlatforms) = postSolution
		{F8574C90-FF0B-4CB3-A55B-36DF2B5EC741}.Debug|Any CPU.ActiveCfg = Debug|Any CPU
		{F8574C90-FF0B-4CB3-A55B-36DF2B5EC741}.Debug|Any CPU.Build.0 = Debug|Any CPU
		{F8574C90-FF0B-4CB3-A55B-36DF2B5EC741}.Release|Any CPU.ActiveCfg = Release|Any CPU
		{F8574C90-FF0B-4CB3-A55B-36DF2B5EC741}.Release|Any CPU.Build.0 = Release|Any CPU
	EndGlobalSection
	GlobalSection(SolutionProperties) = preSolution
		HideSolutionNode = FALSE
	EndGlobalSection
EndGlobal
